// !$*UTF8*$!
{
	archiveVersion = 1;
	classes = {
	};
	objectVersion = 48;
	objects = {

/* Begin PBXBuildFile section */
		B5B28DCE1FD644EF008A9BCD /* AppDelegate.m in Sources */ = {isa = PBXBuildFile; fileRef = B5B28DCD1FD644EF008A9BCD /* AppDelegate.m */; };
		B5B28DDD1FD644EF008A9BCD /* Assets.xcassets in Resources */ = {isa = PBXBuildFile; fileRef = B5B28DDC1FD644EF008A9BCD /* Assets.xcassets */; };
		B5B28DE01FD644EF008A9BCD /* LaunchScreen.storyboard in Resources */ = {isa = PBXBuildFile; fileRef = B5B28DDE1FD644EF008A9BCD /* LaunchScreen.storyboard */; };
		B5B28DE31FD644EF008A9BCD /* main.m in Sources */ = {isa = PBXBuildFile; fileRef = B5B28DE21FD644EF008A9BCD /* main.m */; };
		B5B28DED1FD645B5008A9BCD /* Actions.sks in Resources */ = {isa = PBXBuildFile; fileRef = B5B28DEB1FD645B5008A9BCD /* Actions.sks */; };
		B5B28DEE1FD645B5008A9BCD /* GameScene.sks in Resources */ = {isa = PBXBuildFile; fileRef = B5B28DEC1FD645B5008A9BCD /* GameScene.sks */; };
		B5B28DF21FD645FC008A9BCD /* GameScene.m in Sources */ = {isa = PBXBuildFile; fileRef = B5B28DF11FD645FC008A9BCD /* GameScene.m */; };
		B5B28DF61FD64601008A9BCD /* GameViewController.m in Sources */ = {isa = PBXBuildFile; fileRef = B5B28DF51FD64601008A9BCD /* GameViewController.m */; };
		B5B28E041FD788F7008A9BCD /* FFMineNode.m in Sources */ = {isa = PBXBuildFile; fileRef = B5B28E031FD788F7008A9BCD /* FFMineNode.m */; };
		B5B28E071FD795C4008A9BCD /* FFMapScene.m in Sources */ = {isa = PBXBuildFile; fileRef = B5B28E061FD795C4008A9BCD /* FFMapScene.m */; };
		B5B28E101FD7D02A008A9BCD /* FFGameModel.m in Sources */ = {isa = PBXBuildFile; fileRef = B5B28E0F1FD7D02A008A9BCD /* FFGameModel.m */; };
		B5B28E131FD8DD5A008A9BCD /* FFStartScene.m in Sources */ = {isa = PBXBuildFile; fileRef = B5B28E121FD8DD5A008A9BCD /* FFStartScene.m */; };
		B5B28E151FD8DE32008A9BCD /* FFStartScene.sks in Resources */ = {isa = PBXBuildFile; fileRef = B5B28E141FD8DE32008A9BCD /* FFStartScene.sks */; };
/* End PBXBuildFile section */

/* Begin PBXFileReference section */
		B5B28DC91FD644EF008A9BCD /* FFLandmine.app */ = {isa = PBXFileReference; explicitFileType = wrapper.application; includeInIndex = 0; path = FFLandmine.app; sourceTree = BUILT_PRODUCTS_DIR; };
		B5B28DCC1FD644EF008A9BCD /* AppDelegate.h */ = {isa = PBXFileReference; lastKnownFileType = sourcecode.c.h; path = AppDelegate.h; sourceTree = "<group>"; };
		B5B28DCD1FD644EF008A9BCD /* AppDelegate.m */ = {isa = PBXFileReference; lastKnownFileType = sourcecode.c.objc; path = AppDelegate.m; sourceTree = "<group>"; };
		B5B28DDC1FD644EF008A9BCD /* Assets.xcassets */ = {isa = PBXFileReference; lastKnownFileType = folder.assetcatalog; path = Assets.xcassets; sourceTree = "<group>"; };
		B5B28DDF1FD644EF008A9BCD /* Base */ = {isa = PBXFileReference; lastKnownFileType = file.storyboard; name = Base; path = Base.lproj/LaunchScreen.storyboard; sourceTree = "<group>"; };
		B5B28DE11FD644EF008A9BCD /* Info.plist */ = {isa = PBXFileReference; lastKnownFileType = text.plist.xml; path = Info.plist; sourceTree = "<group>"; };
		B5B28DE21FD644EF008A9BCD /* main.m */ = {isa = PBXFileReference; lastKnownFileType = sourcecode.c.objc; path = main.m; sourceTree = "<group>"; };
		B5B28DEB1FD645B5008A9BCD /* Actions.sks */ = {isa = PBXFileReference; lastKnownFileType = file.sks; path = Actions.sks; sourceTree = "<group>"; };
		B5B28DEC1FD645B5008A9BCD /* GameScene.sks */ = {isa = PBXFileReference; lastKnownFileType = file.sks; path = GameScene.sks; sourceTree = "<group>"; };
		B5B28DF01FD645FC008A9BCD /* GameScene.h */ = {isa = PBXFileReference; fileEncoding = 4; lastKnownFileType = sourcecode.c.h; path = GameScene.h; sourceTree = "<group>"; };
		B5B28DF11FD645FC008A9BCD /* GameScene.m */ = {isa = PBXFileReference; fileEncoding = 4; lastKnownFileType = sourcecode.c.objc; path = GameScene.m; sourceTree = "<group>"; };
		B5B28DF41FD64601008A9BCD /* GameViewController.h */ = {isa = PBXFileReference; fileEncoding = 4; lastKnownFileType = sourcecode.c.h; path = GameViewController.h; sourceTree = "<group>"; };
		B5B28DF51FD64601008A9BCD /* GameViewController.m */ = {isa = PBXFileReference; fileEncoding = 4; lastKnownFileType = sourcecode.c.objc; path = GameViewController.m; sourceTree = "<group>"; };
		B5B28DF81FD649BA008A9BCD /* FFPrefixHeader.pch */ = {isa = PBXFileReference; lastKnownFileType = sourcecode.c.h; path = FFPrefixHeader.pch; sourceTree = "<group>"; };
		B5B28E021FD788F7008A9BCD /* FFMineNode.h */ = {isa = PBXFileReference; lastKnownFileType = sourcecode.c.h; path = FFMineNode.h; sourceTree = "<group>"; };
		B5B28E031FD788F7008A9BCD /* FFMineNode.m */ = {isa = PBXFileReference; lastKnownFileType = sourcecode.c.objc; path = FFMineNode.m; sourceTree = "<group>"; };
		B5B28E051FD795C4008A9BCD /* FFMapScene.h */ = {isa = PBXFileReference; lastKnownFileType = sourcecode.c.h; path = FFMapScene.h; sourceTree = "<group>"; };
		B5B28E061FD795C4008A9BCD /* FFMapScene.m */ = {isa = PBXFileReference; lastKnownFileType = sourcecode.c.objc; path = FFMapScene.m; sourceTree = "<group>"; };
		B5B28E0E1FD7D02A008A9BCD /* FFGameModel.h */ = {isa = PBXFileReference; lastKnownFileType = sourcecode.c.h; path = FFGameModel.h; sourceTree = "<group>"; };
		B5B28E0F1FD7D02A008A9BCD /* FFGameModel.m */ = {isa = PBXFileReference; lastKnownFileType = sourcecode.c.objc; path = FFGameModel.m; sourceTree = "<group>"; };
		B5B28E111FD8DD5A008A9BCD /* FFStartScene.h */ = {isa = PBXFileReference; lastKnownFileType = sourcecode.c.h; path = FFStartScene.h; sourceTree = "<group>"; };
		B5B28E121FD8DD5A008A9BCD /* FFStartScene.m */ = {isa = PBXFileReference; lastKnownFileType = sourcecode.c.objc; path = FFStartScene.m; sourceTree = "<group>"; };
		B5B28E141FD8DE32008A9BCD /* FFStartScene.sks */ = {isa = PBXFileReference; lastKnownFileType = file.sks; path = FFStartScene.sks; sourceTree = "<group>"; };
/* End PBXFileReference section */

/* Begin PBXFrameworksBuildPhase section */
		B5B28DC61FD644EF008A9BCD /* Frameworks */ = {
			isa = PBXFrameworksBuildPhase;
			buildActionMask = 2147483647;
			files = (
			);
			runOnlyForDeploymentPostprocessing = 0;
		};
/* End PBXFrameworksBuildPhase section */

/* Begin PBXGroup section */
		B5B28DC01FD644EF008A9BCD = {
			isa = PBXGroup;
			children = (
				B5B28DCB1FD644EF008A9BCD /* FFLandmine */,
				B5B28DCA1FD644EF008A9BCD /* Products */,
			);
			sourceTree = "<group>";
		};
		B5B28DCA1FD644EF008A9BCD /* Products */ = {
			isa = PBXGroup;
			children = (
				B5B28DC91FD644EF008A9BCD /* FFLandmine.app */,
			);
			name = Products;
			sourceTree = "<group>";
		};
		B5B28DCB1FD644EF008A9BCD /* FFLandmine */ = {
			isa = PBXGroup;
			children = (
				B5B28DCC1FD644EF008A9BCD /* AppDelegate.h */,
				B5B28DCD1FD644EF008A9BCD /* AppDelegate.m */,
				B5B28DE91FD645A1008A9BCD /* GameModel */,
				B5B28DEF1FD645FC008A9BCD /* GameScene */,
				B5B28E011FD788C6008A9BCD /* GameSprite */,
				B5B28DF31FD64601008A9BCD /* GameController */,
				B5B28DF71FD64997008A9BCD /* Other */,
				B5B28DEA1FD645B5008A9BCD /* sks? */,
				B5B28DDC1FD644EF008A9BCD /* Assets.xcassets */,
				B5B28DDE1FD644EF008A9BCD /* LaunchScreen.storyboard */,
				B5B28DE11FD644EF008A9BCD /* Info.plist */,
				B5B28DE21FD644EF008A9BCD /* main.m */,
			);
			path = FFLandmine;
			sourceTree = "<group>";
		};
		B5B28DE91FD645A1008A9BCD /* GameModel */ = {
			isa = PBXGroup;
			children = (
				B5B28E0E1FD7D02A008A9BCD /* FFGameModel.h */,
				B5B28E0F1FD7D02A008A9BCD /* FFGameModel.m */,
			);
			path = GameModel;
			sourceTree = "<group>";
		};
		B5B28DEA1FD645B5008A9BCD /* sks? */ = {
			isa = PBXGroup;
			children = (
				B5B28DEB1FD645B5008A9BCD /* Actions.sks */,
				B5B28DEC1FD645B5008A9BCD /* GameScene.sks */,
				B5B28E141FD8DE32008A9BCD /* FFStartScene.sks */,
			);
			path = "sks?";
			sourceTree = "<group>";
		};
		B5B28DEF1FD645FC008A9BCD /* GameScene */ = {
			isa = PBXGroup;
			children = (
				B5B28E111FD8DD5A008A9BCD /* FFStartScene.h */,
				B5B28E121FD8DD5A008A9BCD /* FFStartScene.m */,
				B5B28DF01FD645FC008A9BCD /* GameScene.h */,
				B5B28DF11FD645FC008A9BCD /* GameScene.m */,
				B5B28E051FD795C4008A9BCD /* FFMapScene.h */,
				B5B28E061FD795C4008A9BCD /* FFMapScene.m */,
			);
			path = GameScene;
			sourceTree = "<group>";
		};
		B5B28DF31FD64601008A9BCD /* GameController */ = {
			isa = PBXGroup;
			children = (
				B5B28DF41FD64601008A9BCD /* GameViewController.h */,
				B5B28DF51FD64601008A9BCD /* GameViewController.m */,
			);
			path = GameController;
			sourceTree = "<group>";
		};
		B5B28DF71FD64997008A9BCD /* Other */ = {
			isa = PBXGroup;
			children = (
				B5B28DF81FD649BA008A9BCD /* FFPrefixHeader.pch */,
			);
			path = Other;
			sourceTree = "<group>";
		};
		B5B28E011FD788C6008A9BCD /* GameSprite */ = {
			isa = PBXGroup;
			children = (
				B5B28E021FD788F7008A9BCD /* FFMineNode.h */,
				B5B28E031FD788F7008A9BCD /* FFMineNode.m */,
			);
			path = GameSprite;
			sourceTree = "<group>";
		};
/* End PBXGroup section */

/* Begin PBXNativeTarget section */
		B5B28DC81FD644EF008A9BCD /* FFLandmine */ = {
			isa = PBXNativeTarget;
			buildConfigurationList = B5B28DE61FD644EF008A9BCD /* Build configuration list for PBXNativeTarget "FFLandmine" */;
			buildPhases = (
				B5B28DC51FD644EF008A9BCD /* Sources */,
				B5B28DC61FD644EF008A9BCD /* Frameworks */,
				B5B28DC71FD644EF008A9BCD /* Resources */,
			);
			buildRules = (
			);
			dependencies = (
			);
			name = FFLandmine;
			productName = FFLandmine;
			productReference = B5B28DC91FD644EF008A9BCD /* FFLandmine.app */;
			productType = "com.apple.product-type.application";
		};
/* End PBXNativeTarget section */

/* Begin PBXProject section */
		B5B28DC11FD644EF008A9BCD /* Project object */ = {
			isa = PBXProject;
			attributes = {
				LastUpgradeCheck = 0910;
				ORGANIZATIONNAME = "Yi Shi";
				TargetAttributes = {
					B5B28DC81FD644EF008A9BCD = {
						CreatedOnToolsVersion = 9.1;
						ProvisioningStyle = Automatic;
					};
				};
			};
			buildConfigurationList = B5B28DC41FD644EF008A9BCD /* Build configuration list for PBXProject "FFLandmine" */;
			compatibilityVersion = "Xcode 8.0";
			developmentRegion = en;
			hasScannedForEncodings = 0;
			knownRegions = (
				en,
				Base,
			);
			mainGroup = B5B28DC01FD644EF008A9BCD;
			productRefGroup = B5B28DCA1FD644EF008A9BCD /* Products */;
			projectDirPath = "";
			projectRoot = "";
			targets = (
				B5B28DC81FD644EF008A9BCD /* FFLandmine */,
			);
		};
/* End PBXProject section */

/* Begin PBXResourcesBuildPhase section */
		B5B28DC71FD644EF008A9BCD /* Resources */ = {
			isa = PBXResourcesBuildPhase;
			buildActionMask = 2147483647;
			files = (
				B5B28DEE1FD645B5008A9BCD /* GameScene.sks in Resources */,
				B5B28DDD1FD644EF008A9BCD /* Assets.xcassets in Resources */,
				B5B28E151FD8DE32008A9BCD /* FFStartScene.sks in Resources */,
				B5B28DE01FD644EF008A9BCD /* LaunchScreen.storyboard in Resources */,
				B5B28DED1FD645B5008A9BCD /* Actions.sks in Resources */,
			);
			runOnlyForDeploymentPostprocessing = 0;
		};
/* End PBXResourcesBuildPhase section */

/* Begin PBXSourcesBuildPhase section */
		B5B28DC51FD644EF008A9BCD /* Sources */ = {
			isa = PBXSourcesBuildPhase;
			buildActionMask = 2147483647;
			files = (
				B5B28DF61FD64601008A9BCD /* GameViewController.m in Sources */,
				B5B28E131FD8DD5A008A9BCD /* FFStartScene.m in Sources */,
				B5B28E041FD788F7008A9BCD /* FFMineNode.m in Sources */,
				B5B28DE31FD644EF008A9BCD /* main.m in Sources */,
				B5B28E071FD795C4008A9BCD /* FFMapScene.m in Sources */,
				B5B28DF21FD645FC008A9BCD /* GameScene.m in Sources */,
				B5B28DCE1FD644EF008A9BCD /* AppDelegate.m in Sources */,
				B5B28E101FD7D02A008A9BCD /* FFGameModel.m in Sources */,
			);
			runOnlyForDeploymentPostprocessing = 0;
		};
/* End PBXSourcesBuildPhase section */

/* Begin PBXVariantGroup section */
		B5B28DDE1FD644EF008A9BCD /* LaunchScreen.storyboard */ = {
			isa = PBXVariantGroup;
			children = (
				B5B28DDF1FD644EF008A9BCD /* Base */,
			);
			name = LaunchScreen.storyboard;
			sourceTree = "<group>";
		};
/* End PBXVariantGroup section */

/* Begin XCBuildConfiguration section */
		B5B28DE41FD644EF008A9BCD /* Debug */ = {
			isa = XCBuildConfiguration;
			buildSettings = {
				ALWAYS_SEARCH_USER_PATHS = NO;
				CLANG_ANALYZER_NONNULL = YES;
				CLANG_ANALYZER_NUMBER_OBJECT_CONVERSION = YES_AGGRESSIVE;
				CLANG_CXX_LANGUAGE_STANDARD = "gnu++14";
				CLANG_CXX_LIBRARY = "libc++";
				CLANG_ENABLE_MODULES = YES;
				CLANG_ENABLE_OBJC_ARC = YES;
				CLANG_WARN_BLOCK_CAPTURE_AUTORELEASING = YES;
				CLANG_WARN_BOOL_CONVERSION = YES;
				CLANG_WARN_COMMA = YES;
				CLANG_WARN_CONSTANT_CONVERSION = YES;
				CLANG_WARN_DIRECT_OBJC_ISA_USAGE = YES_ERROR;
				CLANG_WARN_DOCUMENTATION_COMMENTS = YES;
				CLANG_WARN_EMPTY_BODY = YES;
				CLANG_WARN_ENUM_CONVERSION = YES;
				CLANG_WARN_INFINITE_RECURSION = YES;
				CLANG_WARN_INT_CONVERSION = YES;
				CLANG_WARN_NON_LITERAL_NULL_CONVERSION = YES;
				CLANG_WARN_OBJC_LITERAL_CONVERSION = YES;
				CLANG_WARN_OBJC_ROOT_CLASS = YES_ERROR;
				CLANG_WARN_RANGE_LOOP_ANALYSIS = YES;
				CLANG_WARN_STRICT_PROTOTYPES = YES;
				CLANG_WARN_SUSPICIOUS_MOVE = YES;
				CLANG_WARN_UNGUARDED_AVAILABILITY = YES_AGGRESSIVE;
				CLANG_WARN_UNREACHABLE_CODE = YES;
				CLANG_WARN__DUPLICATE_METHOD_MATCH = YES;
				CODE_SIGN_IDENTITY = "iPhone Developer";
				COPY_PHASE_STRIP = NO;
				DEBUG_INFORMATION_FORMAT = dwarf;
				ENABLE_STRICT_OBJC_MSGSEND = YES;
				ENABLE_TESTABILITY = YES;
				GCC_C_LANGUAGE_STANDARD = gnu11;
				GCC_DYNAMIC_NO_PIC = NO;
				GCC_NO_COMMON_BLOCKS = YES;
				GCC_OPTIMIZATION_LEVEL = 0;
				GCC_PREPROCESSOR_DEFINITIONS = (
					"DEBUG=1",
					"$(inherited)",
				);
				GCC_WARN_64_TO_32_BIT_CONVERSION = YES;
				GCC_WARN_ABOUT_RETURN_TYPE = YES_ERROR;
				GCC_WARN_UNDECLARED_SELECTOR = YES;
				GCC_WARN_UNINITIALIZED_AUTOS = YES_AGGRESSIVE;
				GCC_WARN_UNUSED_FUNCTION = YES;
				GCC_WARN_UNUSED_VARIABLE = YES;
				IPHONEOS_DEPLOYMENT_TARGET = 11.1;
				MTL_ENABLE_DEBUG_INFO = YES;
				ONLY_ACTIVE_ARCH = YES;
				SDKROOT = iphoneos;
			};
			name = Debug;
		};
		B5B28DE51FD644EF008A9BCD /* Release */ = {
			isa = XCBuildConfiguration;
			buildSettings = {
				ALWAYS_SEARCH_USER_PATHS = NO;
				CLANG_ANALYZER_NONNULL = YES;
				CLANG_ANALYZER_NUMBER_OBJECT_CONVERSION = YES_AGGRESSIVE;
				CLANG_CXX_LANGUAGE_STANDARD = "gnu++14";
				CLANG_CXX_LIBRARY = "libc++";
				CLANG_ENABLE_MODULES = YES;
				CLANG_ENABLE_OBJC_ARC = YES;
				CLANG_WARN_BLOCK_CAPTURE_AUTORELEASING = YES;
				CLANG_WARN_BOOL_CONVERSION = YES;
				CLANG_WARN_COMMA = YES;
				CLANG_WARN_CONSTANT_CONVERSION = YES;
				CLANG_WARN_DIRECT_OBJC_ISA_USAGE = YES_ERROR;
				CLANG_WARN_DOCUMENTATION_COMMENTS = YES;
				CLANG_WARN_EMPTY_BODY = YES;
				CLANG_WARN_ENUM_CONVERSION = YES;
				CLANG_WARN_INFINITE_RECURSION = YES;
				CLANG_WARN_INT_CONVERSION = YES;
				CLANG_WARN_NON_LITERAL_NULL_CONVERSION = YES;
				CLANG_WARN_OBJC_LITERAL_CONVERSION = YES;
				CLANG_WARN_OBJC_ROOT_CLASS = YES_ERROR;
				CLANG_WARN_RANGE_LOOP_ANALYSIS = YES;
				CLANG_WARN_STRICT_PROTOTYPES = YES;
				CLANG_WARN_SUSPICIOUS_MOVE = YES;
				CLANG_WARN_UNGUARDED_AVAILABILITY = YES_AGGRESSIVE;
				CLANG_WARN_UNREACHABLE_CODE = YES;
				CLANG_WARN__DUPLICATE_METHOD_MATCH = YES;
				CODE_SIGN_IDENTITY = "iPhone Developer";
				COPY_PHASE_STRIP = NO;
				DEBUG_INFORMATION_FORMAT = "dwarf-with-dsym";
				ENABLE_NS_ASSERTIONS = NO;
				ENABLE_STRICT_OBJC_MSGSEND = YES;
				GCC_C_LANGUAGE_STANDARD = gnu11;
				GCC_NO_COMMON_BLOCKS = YES;
				GCC_WARN_64_TO_32_BIT_CONVERSION = YES;
				GCC_WARN_ABOUT_RETURN_TYPE = YES_ERROR;
				GCC_WARN_UNDECLARED_SELECTOR = YES;
				GCC_WARN_UNINITIALIZED_AUTOS = YES_AGGRESSIVE;
				GCC_WARN_UNUSED_FUNCTION = YES;
				GCC_WARN_UNUSED_VARIABLE = YES;
				IPHONEOS_DEPLOYMENT_TARGET = 11.1;
				MTL_ENABLE_DEBUG_INFO = NO;
				SDKROOT = iphoneos;
				VALIDATE_PRODUCT = YES;
			};
			name = Release;
		};
		B5B28DE71FD644EF008A9BCD /* Debug */ = {
			isa = XCBuildConfiguration;
			buildSettings = {
				ASSETCATALOG_COMPILER_APPICON_NAME = AppIcon;
				CODE_SIGN_STYLE = Automatic;
				DEVELOPMENT_TEAM = JR27SLBFXN;
				GCC_PREFIX_HEADER = "$(SRCROOT)/FFLandmine/Other/FFPrefixHeader.pch";
				INFOPLIST_FILE = FFLandmine/Info.plist;
				IPHONEOS_DEPLOYMENT_TARGET = 9.0;
				LD_RUNPATH_SEARCH_PATHS = "$(inherited) @executable_path/Frameworks";
				PRODUCT_BUNDLE_IDENTIFIER = SY185.FFLandmine;
				PRODUCT_NAME = "$(TARGET_NAME)";
				TARGETED_DEVICE_FAMILY = 1;
			};
			name = Debug;
		};
		B5B28DE81FD644EF008A9BCD /* Release */ = {
			isa = XCBuildConfiguration;
			buildSettings = {
				ASSETCATALOG_COMPILER_APPICON_NAME = AppIcon;
				CODE_SIGN_STYLE = Automatic;
				DEVELOPMENT_TEAM = JR27SLBFXN;
				GCC_PREFIX_HEADER = "$(SRCROOT)/FFLandmine/Other/FFPrefixHeader.pch";
				INFOPLIST_FILE = FFLandmine/Info.plist;
				IPHONEOS_DEPLOYMENT_TARGET = 9.0;
				LD_RUNPATH_SEARCH_PATHS = "$(inherited) @executable_path/Frameworks";
				PRODUCT_BUNDLE_IDENTIFIER = SY185.FFLandmine;
				PRODUCT_NAME = "$(TARGET_NAME)";
				TARGETED_DEVICE_FAMILY = 1;
			};
			name = Release;
		};
/* End XCBuildConfiguration section */

/* Begin XCConfigurationList section */
		B5B28DC41FD644EF008A9BCD /* Build configuration list for PBXProject "FFLandmine" */ = {
			isa = XCConfigurationList;
			buildConfigurations = (
				B5B28DE41FD644EF008A9BCD /* Debug */,
				B5B28DE51FD644EF008A9BCD /* Release */,
			);
			defaultConfigurationIsVisible = 0;
			defaultConfigurationName = Release;
		};
		B5B28DE61FD644EF008A9BCD /* Build configuration list for PBXNativeTarget "FFLandmine" */ = {
			isa = XCConfigurationList;
			buildConfigurations = (
				B5B28DE71FD644EF008A9BCD /* Debug */,
				B5B28DE81FD644EF008A9BCD /* Release */,
			);
			defaultConfigurationIsVisible = 0;
			defaultConfigurationName = Release;
		};
/* End XCConfigurationList section */
	};
	rootObject = B5B28DC11FD644EF008A9BCD /* Project object */;
}
